// !$*UTF8*$!
{
	archiveVersion = 1;
	classes = {
	};
	objectVersion = 50;
	objects = {

/* Begin PBXBuildFile section */
		3356C5058F900BB7FC3CA185 /* Pods_iOSTest.framework in Frameworks */ = {isa = PBXBuildFile; fileRef = 80E67A9159EC72D936DE55C8 /* Pods_iOSTest.framework */; };
		584B0E5520EAF51800621A0A /* AppDelegate.swift in Sources */ = {isa = PBXBuildFile; fileRef = 584B0E5420EAF51800621A0A /* AppDelegate.swift */; };
		584B0E5720EAF51800621A0A /* MainVC.swift in Sources */ = {isa = PBXBuildFile; fileRef = 584B0E5620EAF51800621A0A /* MainVC.swift */; };
		584B0E5A20EAF51800621A0A /* Main.storyboard in Resources */ = {isa = PBXBuildFile; fileRef = 584B0E5820EAF51800621A0A /* Main.storyboard */; };
		584B0E5C20EAF51900621A0A /* Assets.xcassets in Resources */ = {isa = PBXBuildFile; fileRef = 584B0E5B20EAF51900621A0A /* Assets.xcassets */; };
		584B0E5F20EAF51900621A0A /* LaunchScreen.storyboard in Resources */ = {isa = PBXBuildFile; fileRef = 584B0E5D20EAF51900621A0A /* LaunchScreen.storyboard */; };
		584E520920EC535D00A65E4A /* Constants.swift in Sources */ = {isa = PBXBuildFile; fileRef = 584E520820EC535D00A65E4A /* Constants.swift */; };
		5859C7D820ED95BF00DC503B /* DataService.swift in Sources */ = {isa = PBXBuildFile; fileRef = 5859C7D720ED95BF00DC503B /* DataService.swift */; };
		5859C7DA20ED9A9400DC503B /* AppModel.swift in Sources */ = {isa = PBXBuildFile; fileRef = 5859C7D920ED9A9400DC503B /* AppModel.swift */; };
		5859C7DC20EDAC9400DC503B /* AppDatabase.swift in Sources */ = {isa = PBXBuildFile; fileRef = 5859C7DB20EDAC9400DC503B /* AppDatabase.swift */; };
		5859C7DE20EDB72200DC503B /* Storyboard.swift in Sources */ = {isa = PBXBuildFile; fileRef = 5859C7DD20EDB72200DC503B /* Storyboard.swift */; };
/* End PBXBuildFile section */

/* Begin PBXFileReference section */
		584B0E5120EAF51800621A0A /* iOSTest.app */ = {isa = PBXFileReference; explicitFileType = wrapper.application; includeInIndex = 0; path = iOSTest.app; sourceTree = BUILT_PRODUCTS_DIR; };
		584B0E5420EAF51800621A0A /* AppDelegate.swift */ = {isa = PBXFileReference; lastKnownFileType = sourcecode.swift; path = AppDelegate.swift; sourceTree = "<group>"; };
		584B0E5620EAF51800621A0A /* MainVC.swift */ = {isa = PBXFileReference; lastKnownFileType = sourcecode.swift; path = MainVC.swift; sourceTree = "<group>"; };
		584B0E5920EAF51800621A0A /* Base */ = {isa = PBXFileReference; lastKnownFileType = file.storyboard; name = Base; path = Base.lproj/Main.storyboard; sourceTree = "<group>"; };
		584B0E5B20EAF51900621A0A /* Assets.xcassets */ = {isa = PBXFileReference; lastKnownFileType = folder.assetcatalog; path = Assets.xcassets; sourceTree = "<group>"; };
		584B0E5E20EAF51900621A0A /* Base */ = {isa = PBXFileReference; lastKnownFileType = file.storyboard; name = Base; path = Base.lproj/LaunchScreen.storyboard; sourceTree = "<group>"; };
		584B0E6020EAF51A00621A0A /* Info.plist */ = {isa = PBXFileReference; lastKnownFileType = text.plist.xml; path = Info.plist; sourceTree = "<group>"; };
		584E520820EC535D00A65E4A /* Constants.swift */ = {isa = PBXFileReference; lastKnownFileType = sourcecode.swift; path = Constants.swift; sourceTree = "<group>"; };
		5859C7D720ED95BF00DC503B /* DataService.swift */ = {isa = PBXFileReference; lastKnownFileType = sourcecode.swift; path = DataService.swift; sourceTree = "<group>"; };
		5859C7D920ED9A9400DC503B /* AppModel.swift */ = {isa = PBXFileReference; lastKnownFileType = sourcecode.swift; path = AppModel.swift; sourceTree = "<group>"; };
		5859C7DB20EDAC9400DC503B /* AppDatabase.swift */ = {isa = PBXFileReference; lastKnownFileType = sourcecode.swift; path = AppDatabase.swift; sourceTree = "<group>"; };
		5859C7DD20EDB72200DC503B /* Storyboard.swift */ = {isa = PBXFileReference; lastKnownFileType = sourcecode.swift; path = Storyboard.swift; sourceTree = "<group>"; };
		62C23C98F931B4F9B1537282 /* Pods-iOSTest.debug.xcconfig */ = {isa = PBXFileReference; includeInIndex = 1; lastKnownFileType = text.xcconfig; name = "Pods-iOSTest.debug.xcconfig"; path = "Pods/Target Support Files/Pods-iOSTest/Pods-iOSTest.debug.xcconfig"; sourceTree = "<group>"; };
		80E67A9159EC72D936DE55C8 /* Pods_iOSTest.framework */ = {isa = PBXFileReference; explicitFileType = wrapper.framework; includeInIndex = 0; path = Pods_iOSTest.framework; sourceTree = BUILT_PRODUCTS_DIR; };
		A601C11AFB3FA415C209C32C /* Pods-iOSTest.release.xcconfig */ = {isa = PBXFileReference; includeInIndex = 1; lastKnownFileType = text.xcconfig; name = "Pods-iOSTest.release.xcconfig"; path = "Pods/Target Support Files/Pods-iOSTest/Pods-iOSTest.release.xcconfig"; sourceTree = "<group>"; };
/* End PBXFileReference section */

/* Begin PBXFrameworksBuildPhase section */
		584B0E4E20EAF51800621A0A /* Frameworks */ = {
			isa = PBXFrameworksBuildPhase;
			buildActionMask = 2147483647;
			files = (
				3356C5058F900BB7FC3CA185 /* Pods_iOSTest.framework in Frameworks */,
			);
			runOnlyForDeploymentPostprocessing = 0;
		};
/* End PBXFrameworksBuildPhase section */

/* Begin PBXGroup section */
		584B0E4820EAF51800621A0A = {
			isa = PBXGroup;
			children = (
				584B0E5320EAF51800621A0A /* iOSTest */,
				584B0E5220EAF51800621A0A /* Products */,
				F4EC954F778F0D188CEAF0A9 /* Pods */,
				6222409F6F6FEF88EC5BFC1B /* Frameworks */,
			);
			sourceTree = "<group>";
		};
		584B0E5220EAF51800621A0A /* Products */ = {
			isa = PBXGroup;
			children = (
				584B0E5120EAF51800621A0A /* iOSTest.app */,
			);
			name = Products;
			sourceTree = "<group>";
		};
		584B0E5320EAF51800621A0A /* iOSTest */ = {
			isa = PBXGroup;
			children = (
				5859C7D620ED95A500DC503B /* Services */,
				584E520720EC533A00A65E4A /* Utilities */,
				584B0E6820EAF5D100621A0A /* Model */,
				584B0E6720EAF5CA00621A0A /* View */,
				584B0E6620EAF5AC00621A0A /* Controller */,
				584B0E5420EAF51800621A0A /* AppDelegate.swift */,
				584B0E5820EAF51800621A0A /* Main.storyboard */,
				584B0E5B20EAF51900621A0A /* Assets.xcassets */,
				584B0E5D20EAF51900621A0A /* LaunchScreen.storyboard */,
				584B0E6020EAF51A00621A0A /* Info.plist */,
			);
			path = iOSTest;
			sourceTree = "<group>";
		};
		584B0E6620EAF5AC00621A0A /* Controller */ = {
			isa = PBXGroup;
			children = (
				584B0E5620EAF51800621A0A /* MainVC.swift */,
			);
			path = Controller;
			sourceTree = "<group>";
		};
		584B0E6720EAF5CA00621A0A /* View */ = {
			isa = PBXGroup;
			children = (
			);
			path = View;
			sourceTree = "<group>";
		};
		584B0E6820EAF5D100621A0A /* Model */ = {
			isa = PBXGroup;
			children = (
				5859C7D920ED9A9400DC503B /* AppModel.swift */,
				5859C7DB20EDAC9400DC503B /* AppDatabase.swift */,
				5859C7DD20EDB72200DC503B /* Storyboard.swift */,
			);
			path = Model;
			sourceTree = "<group>";
		};
		584E520720EC533A00A65E4A /* Utilities */ = {
			isa = PBXGroup;
			children = (
				584E520820EC535D00A65E4A /* Constants.swift */,
			);
			path = Utilities;
			sourceTree = "<group>";
		};
		5859C7D620ED95A500DC503B /* Services */ = {
			isa = PBXGroup;
			children = (
				5859C7D720ED95BF00DC503B /* DataService.swift */,
			);
			path = Services;
			sourceTree = "<group>";
		};
		6222409F6F6FEF88EC5BFC1B /* Frameworks */ = {
			isa = PBXGroup;
			children = (
				80E67A9159EC72D936DE55C8 /* Pods_iOSTest.framework */,
			);
			name = Frameworks;
			sourceTree = "<group>";
		};
		F4EC954F778F0D188CEAF0A9 /* Pods */ = {
			isa = PBXGroup;
			children = (
				62C23C98F931B4F9B1537282 /* Pods-iOSTest.debug.xcconfig */,
				A601C11AFB3FA415C209C32C /* Pods-iOSTest.release.xcconfig */,
			);
			name = Pods;
			sourceTree = "<group>";
		};
/* End PBXGroup section */

/* Begin PBXNativeTarget section */
		584B0E5020EAF51800621A0A /* iOSTest */ = {
			isa = PBXNativeTarget;
			buildConfigurationList = 584B0E6320EAF51A00621A0A /* Build configuration list for PBXNativeTarget "iOSTest" */;
			buildPhases = (
				9BF09E60C5E3506331A98645 /* [CP] Check Pods Manifest.lock */,
				584B0E4D20EAF51800621A0A /* Sources */,
				584B0E4E20EAF51800621A0A /* Frameworks */,
				584B0E4F20EAF51800621A0A /* Resources */,
				75FB33B13FFF42C518D79E4A /* [CP] Embed Pods Frameworks */,
			);
			buildRules = (
			);
			dependencies = (
			);
			name = iOSTest;
			productName = iOSTest;
			productReference = 584B0E5120EAF51800621A0A /* iOSTest.app */;
			productType = "com.apple.product-type.application";
		};
/* End PBXNativeTarget section */

/* Begin PBXProject section */
		584B0E4920EAF51800621A0A /* Project object */ = {
			isa = PBXProject;
			attributes = {
				LastSwiftUpdateCheck = 0940;
				LastUpgradeCheck = 0940;
				ORGANIZATIONNAME = "SycloneFX LLC";
				TargetAttributes = {
					584B0E5020EAF51800621A0A = {
						CreatedOnToolsVersion = 9.4.1;
					};
				};
			};
			buildConfigurationList = 584B0E4C20EAF51800621A0A /* Build configuration list for PBXProject "iOSTest" */;
			compatibilityVersion = "Xcode 9.3";
			developmentRegion = en;
			hasScannedForEncodings = 0;
			knownRegions = (
				en,
				Base,
			);
			mainGroup = 584B0E4820EAF51800621A0A;
			productRefGroup = 584B0E5220EAF51800621A0A /* Products */;
			projectDirPath = "";
			projectRoot = "";
			targets = (
				584B0E5020EAF51800621A0A /* iOSTest */,
			);
		};
/* End PBXProject section */

/* Begin PBXResourcesBuildPhase section */
		584B0E4F20EAF51800621A0A /* Resources */ = {
			isa = PBXResourcesBuildPhase;
			buildActionMask = 2147483647;
			files = (
				584B0E5F20EAF51900621A0A /* LaunchScreen.storyboard in Resources */,
				584B0E5C20EAF51900621A0A /* Assets.xcassets in Resources */,
				584B0E5A20EAF51800621A0A /* Main.storyboard in Resources */,
			);
			runOnlyForDeploymentPostprocessing = 0;
		};
/* End PBXResourcesBuildPhase section */

/* Begin PBXShellScriptBuildPhase section */
		75FB33B13FFF42C518D79E4A /* [CP] Embed Pods Frameworks */ = {
			isa = PBXShellScriptBuildPhase;
			buildActionMask = 2147483647;
			files = (
			);
			inputPaths = (
				"${SRCROOT}/Pods/Target Support Files/Pods-iOSTest/Pods-iOSTest-frameworks.sh",
				"${BUILT_PRODUCTS_DIR}/GRDB.swift/GRDB.framework",
			);
			name = "[CP] Embed Pods Frameworks";
			outputPaths = (
				"${TARGET_BUILD_DIR}/${FRAMEWORKS_FOLDER_PATH}/GRDB.framework",
			);
			runOnlyForDeploymentPostprocessing = 0;
			shellPath = /bin/sh;
			shellScript = "\"${SRCROOT}/Pods/Target Support Files/Pods-iOSTest/Pods-iOSTest-frameworks.sh\"\n";
			showEnvVarsInLog = 0;
		};
		9BF09E60C5E3506331A98645 /* [CP] Check Pods Manifest.lock */ = {
			isa = PBXShellScriptBuildPhase;
			buildActionMask = 2147483647;
			files = (
			);
			inputPaths = (
				"${PODS_PODFILE_DIR_PATH}/Podfile.lock",
				"${PODS_ROOT}/Manifest.lock",
			);
			name = "[CP] Check Pods Manifest.lock";
			outputPaths = (
				"$(DERIVED_FILE_DIR)/Pods-iOSTest-checkManifestLockResult.txt",
			);
			runOnlyForDeploymentPostprocessing = 0;
			shellPath = /bin/sh;
			shellScript = "diff \"${PODS_PODFILE_DIR_PATH}/Podfile.lock\" \"${PODS_ROOT}/Manifest.lock\" > /dev/null\nif [ $? != 0 ] ; then\n    # print error to STDERR\n    echo \"error: The sandbox is not in sync with the Podfile.lock. Run 'pod install' or update your CocoaPods installation.\" >&2\n    exit 1\nfi\n# This output is used by Xcode 'outputs' to avoid re-running this script phase.\necho \"SUCCESS\" > \"${SCRIPT_OUTPUT_FILE_0}\"\n";
			showEnvVarsInLog = 0;
		};
/* End PBXShellScriptBuildPhase section */

/* Begin PBXSourcesBuildPhase section */
		584B0E4D20EAF51800621A0A /* Sources */ = {
			isa = PBXSourcesBuildPhase;
			buildActionMask = 2147483647;
			files = (
				5859C7DC20EDAC9400DC503B /* AppDatabase.swift in Sources */,
				584B0E5720EAF51800621A0A /* MainVC.swift in Sources */,
				584B0E5520EAF51800621A0A /* AppDelegate.swift in Sources */,
				584E520920EC535D00A65E4A /* Constants.swift in Sources */,
				5859C7DA20ED9A9400DC503B /* AppModel.swift in Sources */,
				5859C7DE20EDB72200DC503B /* Storyboard.swift in Sources */,
				5859C7D820ED95BF00DC503B /* DataService.swift in Sources */,
			);
			runOnlyForDeploymentPostprocessing = 0;
		};
/* End PBXSourcesBuildPhase section */

/* Begin PBXVariantGroup section */
		584B0E5820EAF51800621A0A /* Main.storyboard */ = {
			isa = PBXVariantGroup;
			children = (
				584B0E5920EAF51800621A0A /* Base */,
			);
			name = Main.storyboard;
			sourceTree = "<group>";
		};
		584B0E5D20EAF51900621A0A /* LaunchScreen.storyboard */ = {
			isa = PBXVariantGroup;
			children = (
				584B0E5E20EAF51900621A0A /* Base */,
			);
			name = LaunchScreen.storyboard;
			sourceTree = "<group>";
		};
/* End PBXVariantGroup section */

/* Begin XCBuildConfiguration section */
		584B0E6120EAF51A00621A0A /* Debug */ = {
			isa = XCBuildConfiguration;
			buildSettings = {
				ALWAYS_SEARCH_USER_PATHS = NO;
				CLANG_ANALYZER_NONNULL = YES;
				CLANG_ANALYZER_NUMBER_OBJECT_CONVERSION = YES_AGGRESSIVE;
				CLANG_CXX_LANGUAGE_STANDARD = "gnu++14";
				CLANG_CXX_LIBRARY = "libc++";
				CLANG_ENABLE_MODULES = YES;
				CLANG_ENABLE_OBJC_ARC = YES;
				CLANG_ENABLE_OBJC_WEAK = YES;
				CLANG_WARN_BLOCK_CAPTURE_AUTORELEASING = YES;
				CLANG_WARN_BOOL_CONVERSION = YES;
				CLANG_WARN_COMMA = YES;
				CLANG_WARN_CONSTANT_CONVERSION = YES;
				CLANG_WARN_DEPRECATED_OBJC_IMPLEMENTATIONS = YES;
				CLANG_WARN_DIRECT_OBJC_ISA_USAGE = YES_ERROR;
				CLANG_WARN_DOCUMENTATION_COMMENTS = YES;
				CLANG_WARN_EMPTY_BODY = YES;
				CLANG_WARN_ENUM_CONVERSION = YES;
				CLANG_WARN_INFINITE_RECURSION = YES;
				CLANG_WARN_INT_CONVERSION = YES;
				CLANG_WARN_NON_LITERAL_NULL_CONVERSION = YES;
				CLANG_WARN_OBJC_IMPLICIT_RETAIN_SELF = YES;
				CLANG_WARN_OBJC_LITERAL_CONVERSION = YES;
				CLANG_WARN_OBJC_ROOT_CLASS = YES_ERROR;
				CLANG_WARN_RANGE_LOOP_ANALYSIS = YES;
				CLANG_WARN_STRICT_PROTOTYPES = YES;
				CLANG_WARN_SUSPICIOUS_MOVE = YES;
				CLANG_WARN_UNGUARDED_AVAILABILITY = YES_AGGRESSIVE;
				CLANG_WARN_UNREACHABLE_CODE = YES;
				CLANG_WARN__DUPLICATE_METHOD_MATCH = YES;
				CODE_SIGN_IDENTITY = "iPhone Developer";
				COPY_PHASE_STRIP = NO;
				DEBUG_INFORMATION_FORMAT = dwarf;
				ENABLE_STRICT_OBJC_MSGSEND = YES;
				ENABLE_TESTABILITY = YES;
				GCC_C_LANGUAGE_STANDARD = gnu11;
				GCC_DYNAMIC_NO_PIC = NO;
				GCC_NO_COMMON_BLOCKS = YES;
				GCC_OPTIMIZATION_LEVEL = 0;
				GCC_PREPROCESSOR_DEFINITIONS = (
					"DEBUG=1",
					"$(inherited)",
				);
				GCC_WARN_64_TO_32_BIT_CONVERSION = YES;
				GCC_WARN_ABOUT_RETURN_TYPE = YES_ERROR;
				GCC_WARN_UNDECLARED_SELECTOR = YES;
				GCC_WARN_UNINITIALIZED_AUTOS = YES_AGGRESSIVE;
				GCC_WARN_UNUSED_FUNCTION = YES;
				GCC_WARN_UNUSED_VARIABLE = YES;
				IPHONEOS_DEPLOYMENT_TARGET = 11.4;
				MTL_ENABLE_DEBUG_INFO = YES;
				ONLY_ACTIVE_ARCH = YES;
				SDKROOT = iphoneos;
				SWIFT_ACTIVE_COMPILATION_CONDITIONS = DEBUG;
				SWIFT_OPTIMIZATION_LEVEL = "-Onone";
			};
			name = Debug;
		};
		584B0E6220EAF51A00621A0A /* Release */ = {
			isa = XCBuildConfiguration;
			buildSettings = {
				ALWAYS_SEARCH_USER_PATHS = NO;
				CLANG_ANALYZER_NONNULL = YES;
				CLANG_ANALYZER_NUMBER_OBJECT_CONVERSION = YES_AGGRESSIVE;
				CLANG_CXX_LANGUAGE_STANDARD = "gnu++14";
				CLANG_CXX_LIBRARY = "libc++";
				CLANG_ENABLE_MODULES = YES;
				CLANG_ENABLE_OBJC_ARC = YES;
				CLANG_ENABLE_OBJC_WEAK = YES;
				CLANG_WARN_BLOCK_CAPTURE_AUTORELEASING = YES;
				CLANG_WARN_BOOL_CONVERSION = YES;
				CLANG_WARN_COMMA = YES;
				CLANG_WARN_CONSTANT_CONVERSION = YES;
				CLANG_WARN_DEPRECATED_OBJC_IMPLEMENTATIONS = YES;
				CLANG_WARN_DIRECT_OBJC_ISA_USAGE = YES_ERROR;
				CLANG_WARN_DOCUMENTATION_COMMENTS = YES;
				CLANG_WARN_EMPTY_BODY = YES;
				CLANG_WARN_ENUM_CONVERSION = YES;
				CLANG_WARN_INFINITE_RECURSION = YES;
				CLANG_WARN_INT_CONVERSION = YES;
				CLANG_WARN_NON_LITERAL_NULL_CONVERSION = YES;
				CLANG_WARN_OBJC_IMPLICIT_RETAIN_SELF = YES;
				CLANG_WARN_OBJC_LITERAL_CONVERSION = YES;
				CLANG_WARN_OBJC_ROOT_CLASS = YES_ERROR;
				CLANG_WARN_RANGE_LOOP_ANALYSIS = YES;
				CLANG_WARN_STRICT_PROTOTYPES = YES;
				CLANG_WARN_SUSPICIOUS_MOVE = YES;
				CLANG_WARN_UNGUARDED_AVAILABILITY = YES_AGGRESSIVE;
				CLANG_WARN_UNREACHABLE_CODE = YES;
				CLANG_WARN__DUPLICATE_METHOD_MATCH = YES;
				CODE_SIGN_IDENTITY = "iPhone Developer";
				COPY_PHASE_STRIP = NO;
				DEBUG_INFORMATION_FORMAT = "dwarf-with-dsym";
				ENABLE_NS_ASSERTIONS = NO;
				ENABLE_STRICT_OBJC_MSGSEND = YES;
				GCC_C_LANGUAGE_STANDARD = gnu11;
				GCC_NO_COMMON_BLOCKS = YES;
				GCC_WARN_64_TO_32_BIT_CONVERSION = YES;
				GCC_WARN_ABOUT_RETURN_TYPE = YES_ERROR;
				GCC_WARN_UNDECLARED_SELECTOR = YES;
				GCC_WARN_UNINITIALIZED_AUTOS = YES_AGGRESSIVE;
				GCC_WARN_UNUSED_FUNCTION = YES;
				GCC_WARN_UNUSED_VARIABLE = YES;
				IPHONEOS_DEPLOYMENT_TARGET = 11.4;
				MTL_ENABLE_DEBUG_INFO = NO;
				SDKROOT = iphoneos;
				SWIFT_COMPILATION_MODE = wholemodule;
				SWIFT_OPTIMIZATION_LEVEL = "-O";
				VALIDATE_PRODUCT = YES;
			};
			name = Release;
		};
		584B0E6420EAF51A00621A0A /* Debug */ = {
			isa = XCBuildConfiguration;
			baseConfigurationReference = 62C23C98F931B4F9B1537282 /* Pods-iOSTest.debug.xcconfig */;
			buildSettings = {
				ASSETCATALOG_COMPILER_APPICON_NAME = AppIcon;
				CODE_SIGN_STYLE = Automatic;
				DEVELOPMENT_TEAM = HUJVG5UV6V;
				INFOPLIST_FILE = iOSTest/Info.plist;
				LD_RUNPATH_SEARCH_PATHS = (
					"$(inherited)",
					"@executable_path/Frameworks",
				);
				PRODUCT_BUNDLE_IDENTIFIER = com.syclonefxllc.iOSTest;
				PRODUCT_NAME = "$(TARGET_NAME)";
				SWIFT_VERSION = 4.0;
				TARGETED_DEVICE_FAMILY = "1,2";
			};
			name = Debug;
		};
		584B0E6520EAF51A00621A0A /* Release */ = {
			isa = XCBuildConfiguration;
			baseConfigurationReference = A601C11AFB3FA415C209C32C /* Pods-iOSTest.release.xcconfig */;
			buildSettings = {
				ASSETCATALOG_COMPILER_APPICON_NAME = AppIcon;
				CODE_SIGN_STYLE = Automatic;
				DEVELOPMENT_TEAM = HUJVG5UV6V;
				INFOPLIST_FILE = iOSTest/Info.plist;
				LD_RUNPATH_SEARCH_PATHS = (
					"$(inherited)",
					"@executable_path/Frameworks",
				);
				PRODUCT_BUNDLE_IDENTIFIER = com.syclonefxllc.iOSTest;
				PRODUCT_NAME = "$(TARGET_NAME)";
				SWIFT_VERSION = 4.0;
				TARGETED_DEVICE_FAMILY = "1,2";
			};
			name = Release;
		};
/* End XCBuildConfiguration section */

/* Begin XCConfigurationList section */
		584B0E4C20EAF51800621A0A /* Build configuration list for PBXProject "iOSTest" */ = {
			isa = XCConfigurationList;
			buildConfigurations = (
				584B0E6120EAF51A00621A0A /* Debug */,
				584B0E6220EAF51A00621A0A /* Release */,
			);
			defaultConfigurationIsVisible = 0;
			defaultConfigurationName = Release;
		};
		584B0E6320EAF51A00621A0A /* Build configuration list for PBXNativeTarget "iOSTest" */ = {
			isa = XCConfigurationList;
			buildConfigurations = (
				584B0E6420EAF51A00621A0A /* Debug */,
				584B0E6520EAF51A00621A0A /* Release */,
			);
			defaultConfigurationIsVisible = 0;
			defaultConfigurationName = Release;
		};
/* End XCConfigurationList section */
	};
	rootObject = 584B0E4920EAF51800621A0A /* Project object */;
}
